{
  "R": {
    "Version": "4.1.2",
    "Repositories": [
      {
        "Name": "MINICRAN",
        "URL": "https://github.com/aigeniusxadmin/dabtdab-minicran"
      },
      {
        "Name": "CRAN",
        "URL": "https://cloud.r-project.org"
      }
    ]
  },
  "Packages": {
    "renv": {
      "Package": "renv",
      "Version": "0.17.2",
      "Source": "Repository",
      "Repository": "CRAN",
      "Requirements": [
        "utils"
      ],
      "Hash": "aaf3c7f769695266a2113db67a25148b"
    }
  }
}
